
Microsoft Visual Studio Solution File, Format Version 12.00
# Visual Studio 2012
Project("{FAE04EC0-301F-11D3-BF4B-00C04F79EFBC}") = "InterviewManagement", "InterviewManagement\InterviewManagement.csproj", "{EC614D32-7065-4735-8D24-19153B5FBF8D}"
EndProject
Project("{FAE04EC0-301F-11D3-BF4B-00C04F79EFBC}") = "InterviewManagement.Droid", "Droid\InterviewManagement.Droid.csproj", "{DDC446D1-EF41-418A-BD46-2847FE53FC69}"
EndProject
Global
	GlobalSection(SolutionConfigurationPlatforms) = preSolution
		Debug|Any CPU = Debug|Any CPU
		Release|Any CPU = Release|Any CPU
	EndGlobalSection
	GlobalSection(ProjectConfigurationPlatforms) = postSolution
		{DDC446D1-EF41-418A-BD46-2847FE53FC69}.Debug|Any CPU.ActiveCfg = Debug|Any CPU
		{DDC446D1-EF41-418A-BD46-2847FE53FC69}.Debug|Any CPU.Build.0 = Debug|Any CPU
		{DDC446D1-EF41-418A-BD46-2847FE53FC69}.Release|Any CPU.ActiveCfg = Release|Any CPU
		{DDC446D1-EF41-418A-BD46-2847FE53FC69}.Release|Any CPU.Build.0 = Release|Any CPU
		{EC614D32-7065-4735-8D24-19153B5FBF8D}.Debug|Any CPU.ActiveCfg = Debug|Any CPU
		{EC614D32-7065-4735-8D24-19153B5FBF8D}.Debug|Any CPU.Build.0 = Debug|Any CPU
		{EC614D32-7065-4735-8D24-19153B5FBF8D}.Release|Any CPU.ActiveCfg = Release|Any CPU
		{EC614D32-7065-4735-8D24-19153B5FBF8D}.Release|Any CPU.Build.0 = Release|Any CPU
	EndGlobalSection
EndGlobal
